
Microsoft Visual Studio Solution File, Format Version 12.00
# Visual Studio Version 17
VisualStudioVersion = 17.14.36717.8 d17.14
MinimumVisualStudioVersion = 10.0.40219.1
Project("{FAE04EC0-301F-11D3-BF4B-00C04F79EFBC}") = "HotelSystem", "HotelSystem\HotelSystem.csproj", "{3C4DA9EB-BBC9-4AB9-B5D3-07B094E9B110}"
EndProject
Global
	GlobalSection(SolutionConfigurationPlatforms) = preSolution
		Debug|Any CPU = Debug|Any CPU
		Release|Any CPU = Release|Any CPU
	EndGlobalSection
	GlobalSection(ProjectConfigurationPlatforms) = postSolution
		{3C4DA9EB-BBC9-4AB9-B5D3-07B094E9B110}.Debug|Any CPU.ActiveCfg = Debug|Any CPU
		{3C4DA9EB-BBC9-4AB9-B5D3-07B094E9B110}.Debug|Any CPU.Build.0 = Debug|Any CPU
		{3C4DA9EB-BBC9-4AB9-B5D3-07B094E9B110}.Release|Any CPU.ActiveCfg = Release|Any CPU
		{3C4DA9EB-BBC9-4AB9-B5D3-07B094E9B110}.Release|Any CPU.Build.0 = Release|Any CPU
	EndGlobalSection
	GlobalSection(SolutionProperties) = preSolution
		HideSolutionNode = FALSE
	EndGlobalSection
	GlobalSection(ExtensibilityGlobals) = postSolution
		SolutionGuid = {CFF00B20-4D9F-475B-B1BC-B29956213775}
	EndGlobalSection
EndGlobal
